# THIS IS AN AUTOGENERATED FILE. DO NOT EDIT THIS FILE DIRECTLY.
# yarn lockfile v1


"@assemblyscript/loader@^0.18.11":
  version "0.18.11"
  resolved "https://registry.yarnpkg.com/@assemblyscript/loader/-/loader-0.18.11.tgz#68af0306b0f7dbadb1c995e3490199dc5f125989"
  integrity sha512-pUykyGD8kysZsphUfxyYJyWnlPYTCkngUwRf2Hi8GCMXcEGuKbA0juW0bxzP1ve+jxGeRaqdhyzL9npJTOFX+w==

assemblyscript@^0.18.11:
  version "0.18.11"
  resolved "https://registry.yarnpkg.com/assemblyscript/-/assemblyscript-0.18.11.tgz#14c10bbca46f754b2f60167f139623973e150f34"
  integrity sha512-QIIPeHRq+0uw7A2xWzmJM1I8Ca7AGuNpp2JFFkdTBMfVrQULtWieqOBIZG+VDRbYEbjbCdonEWcnGCi2ujzz6Q==
  dependencies:
    binaryen "98.0.0-nightly.20210106"
    long "^4.0.0"

binaryen@98.0.0-nightly.20210106:
  version "98.0.0-nightly.20210106"
  resolved "https://registry.yarnpkg.com/binaryen/-/binaryen-98.0.0-nightly.20210106.tgz#c7bc637e2223a83bf3cae9d98969f569efab4062"
  integrity sha512-iunAgesqT9PXVYCc72FA4h0sCCKLifruT6NuUH63xqlFJGpChhZLgOtyIb/fIgTibN5Pd692cxfBViyCWFsJ9Q==

long@^4.0.0:
  version "4.0.0"
  resolved "https://registry.yarnpkg.com/long/-/long-4.0.0.tgz#9a7b71cfb7d361a194ea555241c92f7468d5bf28"
  integrity sha512-XsP+KhQif4bjX1kbuSiySJFNAehNxgLb6hPRGJ9QsUr8ajHkuXGdrHmFUTUUXhDwVX2R5bY4JNZEwbUiMhV+MA==
